{
  "name": "exercicio10",
  "version": "1.0.0",
  "lockfileVersion": 3,
  "requires": true,
  "packages": {
    "": {
      "name": "exercicio10",
      "version": "1.0.0",
      "license": "ISC",
      "dependencies": {
        "untils": "^1.0.0"
      }
    },
    "node_modules/untils": {
      "version": "1.0.0",
      "resolved": "https://registry.npmjs.org/untils/-/untils-1.0.0.tgz",
      "integrity": "sha512-Jvh9BidVLtzy+aObA1WG5GXtvRsxdkc8IAuLQx/gvjTwZgLP0xF2f2KA/NfFcLJI2XmDwcoT1jZLIGHjgzY0Uw==",
      "license": "ISC"
    }
  }
}
